
Microsoft Visual Studio Solution File, Format Version 12.00
# Visual Studio Version 17
VisualStudioVersion = 17.2.32616.157
MinimumVisualStudioVersion = 10.0.40219.1
Project("{FAE04EC0-301F-11D3-BF4B-00C04F79EFBC}") = "LINQtests", "LINQtests.csproj", "{EB421829-351C-4C28-9793-8C4A6C3DB3CD}"
EndProject
Global
	GlobalSection(SolutionConfigurationPlatforms) = preSolution
		Debug|Any CPU = Debug|Any CPU
		Release|Any CPU = Release|Any CPU
	EndGlobalSection
	GlobalSection(ProjectConfigurationPlatforms) = postSolution
		{EB421829-351C-4C28-9793-8C4A6C3DB3CD}.Debug|Any CPU.ActiveCfg = Debug|Any CPU
		{EB421829-351C-4C28-9793-8C4A6C3DB3CD}.Debug|Any CPU.Build.0 = Debug|Any CPU
		{EB421829-351C-4C28-9793-8C4A6C3DB3CD}.Release|Any CPU.ActiveCfg = Release|Any CPU
		{EB421829-351C-4C28-9793-8C4A6C3DB3CD}.Release|Any CPU.Build.0 = Release|Any CPU
	EndGlobalSection
	GlobalSection(SolutionProperties) = preSolution
		HideSolutionNode = FALSE
	EndGlobalSection
	GlobalSection(ExtensibilityGlobals) = postSolution
		SolutionGuid = {D11D4409-D7D4-4612-801C-604706C37257}
	EndGlobalSection
EndGlobal
